// !$*UTF8*$!
{
	archiveVersion = 1;
	classes = {
	};
	objectVersion = 46;
	objects = {

/* Begin PBXBuildFile section */
		350B856A1F3B0E56000DA771 /* GoogleService-Info.plist in Resources */ = {isa = PBXBuildFile; fileRef = 350B85691F3B0E56000DA771 /* GoogleService-Info.plist */; };
		3524B1DF1F3C49060071CFE0 /* MapKit.framework in Frameworks */ = {isa = PBXBuildFile; fileRef = 3524B1DE1F3C49060071CFE0 /* MapKit.framework */; };
		353A8A321F3B340B00B5EB55 /* NVSingletonFireBaseManager.m in Sources */ = {isa = PBXBuildFile; fileRef = 353A8A311F3B340B00B5EB55 /* NVSingletonFireBaseManager.m */; };
		353A8A361F3B556700B5EB55 /* RootViewController.m in Sources */ = {isa = PBXBuildFile; fileRef = 353A8A351F3B556700B5EB55 /* RootViewController.m */; };
		353A8A391F3B631E00B5EB55 /* MapUiViewController.m in Sources */ = {isa = PBXBuildFile; fileRef = 353A8A381F3B631E00B5EB55 /* MapUiViewController.m */; };
		353A8A3C1F3B633500B5EB55 /* TimeLineViewController.m in Sources */ = {isa = PBXBuildFile; fileRef = 353A8A3B1F3B633500B5EB55 /* TimeLineViewController.m */; };
		354BA7C91F3C7C44005D7FB1 /* MoreViewController.m in Sources */ = {isa = PBXBuildFile; fileRef = 354BA7C81F3C7C44005D7FB1 /* MoreViewController.m */; };
		354BA7CE1F3C982C005D7FB1 /* BaseViewController.m in Sources */ = {isa = PBXBuildFile; fileRef = 354BA7CD1F3C982C005D7FB1 /* BaseViewController.m */; };
		354FB8711F4191C700C438E1 /* NVPhotoModel.m in Sources */ = {isa = PBXBuildFile; fileRef = 354FB8701F4191C700C438E1 /* NVPhotoModel.m */; };
		35710F171F41CCCE00DA8E22 /* FullPhotoViewController.m in Sources */ = {isa = PBXBuildFile; fileRef = 35710F161F41CCCE00DA8E22 /* FullPhotoViewController.m */; };
		35710F1A1F41F29600DA8E22 /* SettingsViewController.m in Sources */ = {isa = PBXBuildFile; fileRef = 35710F191F41F29600DA8E22 /* SettingsViewController.m */; };
		3584E99A1F3B020E0027228D /* main.m in Sources */ = {isa = PBXBuildFile; fileRef = 3584E9991F3B020E0027228D /* main.m */; };
		3584E99D1F3B020E0027228D /* AppDelegate.m in Sources */ = {isa = PBXBuildFile; fileRef = 3584E99C1F3B020E0027228D /* AppDelegate.m */; };
		3584E9A61F3B020E0027228D /* Main.storyboard in Resources */ = {isa = PBXBuildFile; fileRef = 3584E9A41F3B020E0027228D /* Main.storyboard */; };
		3584E9A81F3B020E0027228D /* Assets.xcassets in Resources */ = {isa = PBXBuildFile; fileRef = 3584E9A71F3B020E0027228D /* Assets.xcassets */; };
		3584E9AB1F3B020E0027228D /* LaunchScreen.storyboard in Resources */ = {isa = PBXBuildFile; fileRef = 3584E9A91F3B020E0027228D /* LaunchScreen.storyboard */; };
		3584E9B41F3B063A0027228D /* LoginViewController.m in Sources */ = {isa = PBXBuildFile; fileRef = 3584E9B31F3B063A0027228D /* LoginViewController.m */; };
		35C2E2DD1F3DDCB20046A143 /* MapPhotoPopup.xib in Resources */ = {isa = PBXBuildFile; fileRef = 35C2E2DC1F3DDCB20046A143 /* MapPhotoPopup.xib */; };
		35C2E2E11F3DE0E00046A143 /* MapPhotoPopUp.m in Sources */ = {isa = PBXBuildFile; fileRef = 35C2E2E01F3DE0E00046A143 /* MapPhotoPopUp.m */; };
		35C633011F4491A0009981F8 /* NVConst.m in Sources */ = {isa = PBXBuildFile; fileRef = 35C633001F4491A0009981F8 /* NVConst.m */; };
		35F54DF81F42FE9600689135 /* NVPhotoSendModel.m in Sources */ = {isa = PBXBuildFile; fileRef = 35F54DF71F42FE9600689135 /* NVPhotoSendModel.m */; };
		35F54DFC1F433F4900689135 /* SettingsTableViewCell.m in Sources */ = {isa = PBXBuildFile; fileRef = 35F54DFB1F433F4900689135 /* SettingsTableViewCell.m */; };
		35F54DFF1F4348AD00689135 /* NVSettingsModel.m in Sources */ = {isa = PBXBuildFile; fileRef = 35F54DFE1F4348AD00689135 /* NVSettingsModel.m */; };
		E49627E13548C4E9B51814C6 /* libPods-PhotoMap(Objective-c).a in Frameworks */ = {isa = PBXBuildFile; fileRef = 82EB9217126E9C89B0DB64FF /* libPods-PhotoMap(Objective-c).a */; };
/* End PBXBuildFile section */

/* Begin PBXFileReference section */
		0698B2B40B382AE85EF27E8F /* Pods-PhotoMap(Objective-c).debug.xcconfig */ = {isa = PBXFileReference; includeInIndex = 1; lastKnownFileType = text.xcconfig; name = "Pods-PhotoMap(Objective-c).debug.xcconfig"; path = "Pods/Target Support Files/Pods-PhotoMap(Objective-c)/Pods-PhotoMap(Objective-c).debug.xcconfig"; sourceTree = "<group>"; };
		350B85691F3B0E56000DA771 /* GoogleService-Info.plist */ = {isa = PBXFileReference; fileEncoding = 4; lastKnownFileType = text.plist.xml; path = "GoogleService-Info.plist"; sourceTree = "<group>"; };
		3524B1DE1F3C49060071CFE0 /* MapKit.framework */ = {isa = PBXFileReference; lastKnownFileType = wrapper.framework; name = MapKit.framework; path = System/Library/Frameworks/MapKit.framework; sourceTree = SDKROOT; };
		353A8A301F3B340B00B5EB55 /* NVSingletonFireBaseManager.h */ = {isa = PBXFileReference; fileEncoding = 4; lastKnownFileType = sourcecode.c.h; path = NVSingletonFireBaseManager.h; sourceTree = "<group>"; };
		353A8A311F3B340B00B5EB55 /* NVSingletonFireBaseManager.m */ = {isa = PBXFileReference; fileEncoding = 4; lastKnownFileType = sourcecode.c.objc; path = NVSingletonFireBaseManager.m; sourceTree = "<group>"; };
		353A8A341F3B556700B5EB55 /* RootViewController.h */ = {isa = PBXFileReference; fileEncoding = 4; lastKnownFileType = sourcecode.c.h; path = RootViewController.h; sourceTree = "<group>"; };
		353A8A351F3B556700B5EB55 /* RootViewController.m */ = {isa = PBXFileReference; fileEncoding = 4; lastKnownFileType = sourcecode.c.objc; path = RootViewController.m; sourceTree = "<group>"; };
		353A8A371F3B631E00B5EB55 /* MapUiViewController.h */ = {isa = PBXFileReference; fileEncoding = 4; lastKnownFileType = sourcecode.c.h; path = MapUiViewController.h; sourceTree = "<group>"; };
		353A8A381F3B631E00B5EB55 /* MapUiViewController.m */ = {isa = PBXFileReference; fileEncoding = 4; lastKnownFileType = sourcecode.c.objc; path = MapUiViewController.m; sourceTree = "<group>"; };
		353A8A3A1F3B633400B5EB55 /* TimeLineViewController.h */ = {isa = PBXFileReference; fileEncoding = 4; lastKnownFileType = sourcecode.c.h; path = TimeLineViewController.h; sourceTree = "<group>"; };
		353A8A3B1F3B633500B5EB55 /* TimeLineViewController.m */ = {isa = PBXFileReference; fileEncoding = 4; lastKnownFileType = sourcecode.c.objc; path = TimeLineViewController.m; sourceTree = "<group>"; };
		354BA7C71F3C7C44005D7FB1 /* MoreViewController.h */ = {isa = PBXFileReference; fileEncoding = 4; lastKnownFileType = sourcecode.c.h; path = MoreViewController.h; sourceTree = "<group>"; };
		354BA7C81F3C7C44005D7FB1 /* MoreViewController.m */ = {isa = PBXFileReference; fileEncoding = 4; lastKnownFileType = sourcecode.c.objc; path = MoreViewController.m; sourceTree = "<group>"; };
		354BA7CC1F3C982C005D7FB1 /* BaseViewController.h */ = {isa = PBXFileReference; fileEncoding = 4; lastKnownFileType = sourcecode.c.h; path = BaseViewController.h; sourceTree = "<group>"; };
		354BA7CD1F3C982C005D7FB1 /* BaseViewController.m */ = {isa = PBXFileReference; fileEncoding = 4; lastKnownFileType = sourcecode.c.objc; path = BaseViewController.m; sourceTree = "<group>"; };
		354FB86F1F4191C700C438E1 /* NVPhotoModel.h */ = {isa = PBXFileReference; fileEncoding = 4; lastKnownFileType = sourcecode.c.h; path = NVPhotoModel.h; sourceTree = "<group>"; };
		354FB8701F4191C700C438E1 /* NVPhotoModel.m */ = {isa = PBXFileReference; fileEncoding = 4; lastKnownFileType = sourcecode.c.objc; path = NVPhotoModel.m; sourceTree = "<group>"; };
		35710F151F41CCCE00DA8E22 /* FullPhotoViewController.h */ = {isa = PBXFileReference; fileEncoding = 4; lastKnownFileType = sourcecode.c.h; path = FullPhotoViewController.h; sourceTree = "<group>"; };
		35710F161F41CCCE00DA8E22 /* FullPhotoViewController.m */ = {isa = PBXFileReference; fileEncoding = 4; lastKnownFileType = sourcecode.c.objc; path = FullPhotoViewController.m; sourceTree = "<group>"; };
		35710F181F41F29600DA8E22 /* SettingsViewController.h */ = {isa = PBXFileReference; fileEncoding = 4; lastKnownFileType = sourcecode.c.h; path = SettingsViewController.h; sourceTree = "<group>"; };
		35710F191F41F29600DA8E22 /* SettingsViewController.m */ = {isa = PBXFileReference; fileEncoding = 4; lastKnownFileType = sourcecode.c.objc; path = SettingsViewController.m; sourceTree = "<group>"; };
		3584E9951F3B020E0027228D /* PhotoMap(Objective-c).app */ = {isa = PBXFileReference; explicitFileType = wrapper.application; includeInIndex = 0; path = "PhotoMap(Objective-c).app"; sourceTree = BUILT_PRODUCTS_DIR; };
		3584E9991F3B020E0027228D /* main.m */ = {isa = PBXFileReference; lastKnownFileType = sourcecode.c.objc; path = main.m; sourceTree = "<group>"; };
		3584E99B1F3B020E0027228D /* AppDelegate.h */ = {isa = PBXFileReference; lastKnownFileType = sourcecode.c.h; path = AppDelegate.h; sourceTree = "<group>"; };
		3584E99C1F3B020E0027228D /* AppDelegate.m */ = {isa = PBXFileReference; lastKnownFileType = sourcecode.c.objc; path = AppDelegate.m; sourceTree = "<group>"; };
		3584E9A51F3B020E0027228D /* Base */ = {isa = PBXFileReference; lastKnownFileType = file.storyboard; name = Base; path = Base.lproj/Main.storyboard; sourceTree = "<group>"; };
		3584E9A71F3B020E0027228D /* Assets.xcassets */ = {isa = PBXFileReference; lastKnownFileType = folder.assetcatalog; path = Assets.xcassets; sourceTree = "<group>"; };
		3584E9AA1F3B020E0027228D /* Base */ = {isa = PBXFileReference; lastKnownFileType = file.storyboard; name = Base; path = Base.lproj/LaunchScreen.storyboard; sourceTree = "<group>"; };
		3584E9AC1F3B020E0027228D /* Info.plist */ = {isa = PBXFileReference; lastKnownFileType = text.plist.xml; path = Info.plist; sourceTree = "<group>"; };
		3584E9B21F3B063A0027228D /* LoginViewController.h */ = {isa = PBXFileReference; fileEncoding = 4; lastKnownFileType = sourcecode.c.h; path = LoginViewController.h; sourceTree = "<group>"; };
		3584E9B31F3B063A0027228D /* LoginViewController.m */ = {isa = PBXFileReference; fileEncoding = 4; lastKnownFileType = sourcecode.c.objc; path = LoginViewController.m; sourceTree = "<group>"; };
		35C2E2DC1F3DDCB20046A143 /* MapPhotoPopup.xib */ = {isa = PBXFileReference; fileEncoding = 4; lastKnownFileType = file.xib; path = MapPhotoPopup.xib; sourceTree = "<group>"; };
		35C2E2DF1F3DE0E00046A143 /* MapPhotoPopUp.h */ = {isa = PBXFileReference; fileEncoding = 4; lastKnownFileType = sourcecode.c.h; path = MapPhotoPopUp.h; sourceTree = "<group>"; };
		35C2E2E01F3DE0E00046A143 /* MapPhotoPopUp.m */ = {isa = PBXFileReference; fileEncoding = 4; lastKnownFileType = sourcecode.c.objc; path = MapPhotoPopUp.m; sourceTree = "<group>"; };
		35C632FF1F4491A0009981F8 /* NVConst.h */ = {isa = PBXFileReference; fileEncoding = 4; lastKnownFileType = sourcecode.c.h; path = NVConst.h; sourceTree = "<group>"; };
		35C633001F4491A0009981F8 /* NVConst.m */ = {isa = PBXFileReference; fileEncoding = 4; lastKnownFileType = sourcecode.c.objc; path = NVConst.m; sourceTree = "<group>"; };
		35F54DF61F42FE9600689135 /* NVPhotoSendModel.h */ = {isa = PBXFileReference; fileEncoding = 4; lastKnownFileType = sourcecode.c.h; path = NVPhotoSendModel.h; sourceTree = "<group>"; };
		35F54DF71F42FE9600689135 /* NVPhotoSendModel.m */ = {isa = PBXFileReference; fileEncoding = 4; lastKnownFileType = sourcecode.c.objc; path = NVPhotoSendModel.m; sourceTree = "<group>"; };
		35F54DFA1F433F4900689135 /* SettingsTableViewCell.h */ = {isa = PBXFileReference; fileEncoding = 4; lastKnownFileType = sourcecode.c.h; path = SettingsTableViewCell.h; sourceTree = "<group>"; };
		35F54DFB1F433F4900689135 /* SettingsTableViewCell.m */ = {isa = PBXFileReference; fileEncoding = 4; lastKnownFileType = sourcecode.c.objc; path = SettingsTableViewCell.m; sourceTree = "<group>"; };
		35F54DFD1F4348AD00689135 /* NVSettingsModel.h */ = {isa = PBXFileReference; fileEncoding = 4; lastKnownFileType = sourcecode.c.h; path = NVSettingsModel.h; sourceTree = "<group>"; };
		35F54DFE1F4348AD00689135 /* NVSettingsModel.m */ = {isa = PBXFileReference; fileEncoding = 4; lastKnownFileType = sourcecode.c.objc; path = NVSettingsModel.m; sourceTree = "<group>"; };
		82EB9217126E9C89B0DB64FF /* libPods-PhotoMap(Objective-c).a */ = {isa = PBXFileReference; explicitFileType = archive.ar; includeInIndex = 0; path = "libPods-PhotoMap(Objective-c).a"; sourceTree = BUILT_PRODUCTS_DIR; };
		A653F7C0B801D083475AF20F /* Pods-PhotoMap(Objective-c).release.xcconfig */ = {isa = PBXFileReference; includeInIndex = 1; lastKnownFileType = text.xcconfig; name = "Pods-PhotoMap(Objective-c).release.xcconfig"; path = "Pods/Target Support Files/Pods-PhotoMap(Objective-c)/Pods-PhotoMap(Objective-c).release.xcconfig"; sourceTree = "<group>"; };
/* End PBXFileReference section */

/* Begin PBXFrameworksBuildPhase section */
		3584E9921F3B020E0027228D /* Frameworks */ = {
			isa = PBXFrameworksBuildPhase;
			buildActionMask = 2147483647;
			files = (
				3524B1DF1F3C49060071CFE0 /* MapKit.framework in Frameworks */,
				E49627E13548C4E9B51814C6 /* libPods-PhotoMap(Objective-c).a in Frameworks */,
			);
			runOnlyForDeploymentPostprocessing = 0;
		};
/* End PBXFrameworksBuildPhase section */

/* Begin PBXGroup section */
		2A47651608C294107443AF45 /* Pods */ = {
			isa = PBXGroup;
			children = (
				0698B2B40B382AE85EF27E8F /* Pods-PhotoMap(Objective-c).debug.xcconfig */,
				A653F7C0B801D083475AF20F /* Pods-PhotoMap(Objective-c).release.xcconfig */,
			);
			name = Pods;
			sourceTree = "<group>";
		};
		320448902C2424666E092561 /* Frameworks */ = {
			isa = PBXGroup;
			children = (
				3524B1DE1F3C49060071CFE0 /* MapKit.framework */,
				82EB9217126E9C89B0DB64FF /* libPods-PhotoMap(Objective-c).a */,
			);
			name = Frameworks;
			sourceTree = "<group>";
		};
		353A8A331F3B365E00B5EB55 /* ViewControllers */ = {
			isa = PBXGroup;
			children = (
				354BA7CC1F3C982C005D7FB1 /* BaseViewController.h */,
				354BA7CD1F3C982C005D7FB1 /* BaseViewController.m */,
				353A8A341F3B556700B5EB55 /* RootViewController.h */,
				353A8A351F3B556700B5EB55 /* RootViewController.m */,
				3584E9B21F3B063A0027228D /* LoginViewController.h */,
				3584E9B31F3B063A0027228D /* LoginViewController.m */,
				353A8A371F3B631E00B5EB55 /* MapUiViewController.h */,
				353A8A381F3B631E00B5EB55 /* MapUiViewController.m */,
				353A8A3A1F3B633400B5EB55 /* TimeLineViewController.h */,
				353A8A3B1F3B633500B5EB55 /* TimeLineViewController.m */,
				354BA7C71F3C7C44005D7FB1 /* MoreViewController.h */,
				354BA7C81F3C7C44005D7FB1 /* MoreViewController.m */,
				35710F151F41CCCE00DA8E22 /* FullPhotoViewController.h */,
				35710F161F41CCCE00DA8E22 /* FullPhotoViewController.m */,
				35710F181F41F29600DA8E22 /* SettingsViewController.h */,
				35710F191F41F29600DA8E22 /* SettingsViewController.m */,
			);
			name = ViewControllers;
			sourceTree = "<group>";
		};
		354FB86E1F4191A700C438E1 /* Models */ = {
			isa = PBXGroup;
			children = (
				354FB86F1F4191C700C438E1 /* NVPhotoModel.h */,
				354FB8701F4191C700C438E1 /* NVPhotoModel.m */,
				35F54DF61F42FE9600689135 /* NVPhotoSendModel.h */,
				35F54DF71F42FE9600689135 /* NVPhotoSendModel.m */,
				35F54DFD1F4348AD00689135 /* NVSettingsModel.h */,
				35F54DFE1F4348AD00689135 /* NVSettingsModel.m */,
			);
			name = Models;
			sourceTree = "<group>";
		};
		3584E98C1F3B020E0027228D = {
			isa = PBXGroup;
			children = (
				3584E9971F3B020E0027228D /* PhotoMap(Objective-c) */,
				3584E9961F3B020E0027228D /* Products */,
				2A47651608C294107443AF45 /* Pods */,
				320448902C2424666E092561 /* Frameworks */,
			);
			sourceTree = "<group>";
		};
		3584E9961F3B020E0027228D /* Products */ = {
			isa = PBXGroup;
			children = (
				3584E9951F3B020E0027228D /* PhotoMap(Objective-c).app */,
			);
			name = Products;
			sourceTree = "<group>";
		};
		3584E9971F3B020E0027228D /* PhotoMap(Objective-c) */ = {
			isa = PBXGroup;
			children = (
				35C632FE1F44918C009981F8 /* Const */,
				35F54DF91F433F1900689135 /* CustomTableView */,
				354FB86E1F4191A700C438E1 /* Models */,
				35C2E2DE1F3DE0B70046A143 /* CustomView */,
				353A8A331F3B365E00B5EB55 /* ViewControllers */,
				3584E99B1F3B020E0027228D /* AppDelegate.h */,
				3584E99C1F3B020E0027228D /* AppDelegate.m */,
				353A8A301F3B340B00B5EB55 /* NVSingletonFireBaseManager.h */,
				353A8A311F3B340B00B5EB55 /* NVSingletonFireBaseManager.m */,
				3584E9A41F3B020E0027228D /* Main.storyboard */,
				3584E9A71F3B020E0027228D /* Assets.xcassets */,
				3584E9981F3B020E0027228D /* Supporting Files */,
			);
			path = "PhotoMap(Objective-c)";
			sourceTree = "<group>";
		};
		3584E9981F3B020E0027228D /* Supporting Files */ = {
			isa = PBXGroup;
			children = (
				350B85691F3B0E56000DA771 /* GoogleService-Info.plist */,
				3584E9A91F3B020E0027228D /* LaunchScreen.storyboard */,
				3584E9AC1F3B020E0027228D /* Info.plist */,
				3584E9991F3B020E0027228D /* main.m */,
			);
			name = "Supporting Files";
			sourceTree = "<group>";
		};
		35C2E2DE1F3DE0B70046A143 /* CustomView */ = {
			isa = PBXGroup;
			children = (
				35C2E2DC1F3DDCB20046A143 /* MapPhotoPopup.xib */,
				35C2E2DF1F3DE0E00046A143 /* MapPhotoPopUp.h */,
				35C2E2E01F3DE0E00046A143 /* MapPhotoPopUp.m */,
			);
			name = CustomView;
			sourceTree = "<group>";
		};
		35C632FE1F44918C009981F8 /* Const */ = {
			isa = PBXGroup;
			children = (
				35C632FF1F4491A0009981F8 /* NVConst.h */,
				35C633001F4491A0009981F8 /* NVConst.m */,
			);
			name = Const;
			sourceTree = "<group>";
		};
		35F54DF91F433F1900689135 /* CustomTableView */ = {
			isa = PBXGroup;
			children = (
				35F54DFA1F433F4900689135 /* SettingsTableViewCell.h */,
				35F54DFB1F433F4900689135 /* SettingsTableViewCell.m */,
			);
			name = CustomTableView;
			sourceTree = "<group>";
		};
/* End PBXGroup section */

/* Begin PBXNativeTarget section */
		3584E9941F3B020E0027228D /* PhotoMap(Objective-c) */ = {
			isa = PBXNativeTarget;
			buildConfigurationList = 3584E9AF1F3B020E0027228D /* Build configuration list for PBXNativeTarget "PhotoMap(Objective-c)" */;
			buildPhases = (
				3DC472CD81DFD9D91269EE46 /* [CP] Check Pods Manifest.lock */,
				3584E9911F3B020E0027228D /* Sources */,
				3584E9921F3B020E0027228D /* Frameworks */,
				3584E9931F3B020E0027228D /* Resources */,
				E3CB6E0D24D0BC87F3E7E593 /* [CP] Embed Pods Frameworks */,
				101E972950CCE3CBB3A43CFE /* [CP] Copy Pods Resources */,
			);
			buildRules = (
			);
			dependencies = (
			);
			name = "PhotoMap(Objective-c)";
			productName = "PhotoMap(Objective-c)";
			productReference = 3584E9951F3B020E0027228D /* PhotoMap(Objective-c).app */;
			productType = "com.apple.product-type.application";
		};
/* End PBXNativeTarget section */

/* Begin PBXProject section */
		3584E98D1F3B020E0027228D /* Project object */ = {
			isa = PBXProject;
			attributes = {
				LastUpgradeCheck = 0830;
				ORGANIZATIONNAME = "mac-228";
				TargetAttributes = {
					3584E9941F3B020E0027228D = {
						CreatedOnToolsVersion = 8.3.3;
						ProvisioningStyle = Automatic;
						SystemCapabilities = {
							com.apple.BackgroundModes = {
								enabled = 1;
							};
							com.apple.Maps.iOS = {
								enabled = 1;
							};
						};
					};
				};
			};
			buildConfigurationList = 3584E9901F3B020E0027228D /* Build configuration list for PBXProject "PhotoMap(Objective-c)" */;
			compatibilityVersion = "Xcode 3.2";
			developmentRegion = English;
			hasScannedForEncodings = 0;
			knownRegions = (
				en,
				Base,
			);
			mainGroup = 3584E98C1F3B020E0027228D;
			productRefGroup = 3584E9961F3B020E0027228D /* Products */;
			projectDirPath = "";
			projectRoot = "";
			targets = (
				3584E9941F3B020E0027228D /* PhotoMap(Objective-c) */,
			);
		};
/* End PBXProject section */

/* Begin PBXResourcesBuildPhase section */
		3584E9931F3B020E0027228D /* Resources */ = {
			isa = PBXResourcesBuildPhase;
			buildActionMask = 2147483647;
			files = (
				3584E9AB1F3B020E0027228D /* LaunchScreen.storyboard in Resources */,
				350B856A1F3B0E56000DA771 /* GoogleService-Info.plist in Resources */,
				35C2E2DD1F3DDCB20046A143 /* MapPhotoPopup.xib in Resources */,
				3584E9A81F3B020E0027228D /* Assets.xcassets in Resources */,
				3584E9A61F3B020E0027228D /* Main.storyboard in Resources */,
			);
			runOnlyForDeploymentPostprocessing = 0;
		};
/* End PBXResourcesBuildPhase section */

/* Begin PBXShellScriptBuildPhase section */
		101E972950CCE3CBB3A43CFE /* [CP] Copy Pods Resources */ = {
			isa = PBXShellScriptBuildPhase;
			buildActionMask = 8;
			files = (
			);
			inputPaths = (
			);
			name = "[CP] Copy Pods Resources";
			outputPaths = (
			);
			runOnlyForDeploymentPostprocessing = 1;
			shellPath = /bin/sh;
			shellScript = "\"${SRCROOT}/Pods/Target Support Files/Pods-PhotoMap(Objective-c)/Pods-PhotoMap(Objective-c)-resources.sh\"\n";
			showEnvVarsInLog = 0;
		};
		3DC472CD81DFD9D91269EE46 /* [CP] Check Pods Manifest.lock */ = {
			isa = PBXShellScriptBuildPhase;
			buildActionMask = 2147483647;
			files = (
			);
			inputPaths = (
				"${PODS_PODFILE_DIR_PATH}/Podfile.lock",
				"${PODS_ROOT}/Manifest.lock",
			);
			name = "[CP] Check Pods Manifest.lock";
			outputPaths = (
				"$(DERIVED_FILE_DIR)/Pods-PhotoMap(Objective-c)-checkManifestLockResult.txt",
			);
			runOnlyForDeploymentPostprocessing = 0;
			shellPath = /bin/sh;
			shellScript = "diff \"${PODS_PODFILE_DIR_PATH}/Podfile.lock\" \"${PODS_ROOT}/Manifest.lock\" > /dev/null\nif [ $? != 0 ] ; then\n    # print error to STDERR\n    echo \"error: The sandbox is not in sync with the Podfile.lock. Run 'pod install' or update your CocoaPods installation.\" >&2\n    exit 1\nfi\n# This output is used by Xcode 'outputs' to avoid re-running this script phase.\necho \"SUCCESS\" > \"${SCRIPT_OUTPUT_FILE_0}\"\n";
			showEnvVarsInLog = 0;
		};
		E3CB6E0D24D0BC87F3E7E593 /* [CP] Embed Pods Frameworks */ = {
			isa = PBXShellScriptBuildPhase;
			buildActionMask = 2147483647;
			files = (
			);
			inputPaths = (
			);
			name = "[CP] Embed Pods Frameworks";
			outputPaths = (
			);
			runOnlyForDeploymentPostprocessing = 0;
			shellPath = /bin/sh;
			shellScript = "\"${SRCROOT}/Pods/Target Support Files/Pods-PhotoMap(Objective-c)/Pods-PhotoMap(Objective-c)-frameworks.sh\"\n";
			showEnvVarsInLog = 0;
		};
/* End PBXShellScriptBuildPhase section */

/* Begin PBXSourcesBuildPhase section */
		3584E9911F3B020E0027228D /* Sources */ = {
			isa = PBXSourcesBuildPhase;
			buildActionMask = 2147483647;
			files = (
				35710F171F41CCCE00DA8E22 /* FullPhotoViewController.m in Sources */,
				354FB8711F4191C700C438E1 /* NVPhotoModel.m in Sources */,
				35F54DFF1F4348AD00689135 /* NVSettingsModel.m in Sources */,
				35C2E2E11F3DE0E00046A143 /* MapPhotoPopUp.m in Sources */,
				353A8A361F3B556700B5EB55 /* RootViewController.m in Sources */,
				354BA7CE1F3C982C005D7FB1 /* BaseViewController.m in Sources */,
				354BA7C91F3C7C44005D7FB1 /* MoreViewController.m in Sources */,
				3584E99D1F3B020E0027228D /* AppDelegate.m in Sources */,
				353A8A391F3B631E00B5EB55 /* MapUiViewController.m in Sources */,
				3584E99A1F3B020E0027228D /* main.m in Sources */,
				353A8A321F3B340B00B5EB55 /* NVSingletonFireBaseManager.m in Sources */,
				353A8A3C1F3B633500B5EB55 /* TimeLineViewController.m in Sources */,
				3584E9B41F3B063A0027228D /* LoginViewController.m in Sources */,
				35F54DF81F42FE9600689135 /* NVPhotoSendModel.m in Sources */,
				35C633011F4491A0009981F8 /* NVConst.m in Sources */,
				35710F1A1F41F29600DA8E22 /* SettingsViewController.m in Sources */,
				35F54DFC1F433F4900689135 /* SettingsTableViewCell.m in Sources */,
			);
			runOnlyForDeploymentPostprocessing = 0;
		};
/* End PBXSourcesBuildPhase section */

/* Begin PBXVariantGroup section */
		3584E9A41F3B020E0027228D /* Main.storyboard */ = {
			isa = PBXVariantGroup;
			children = (
				3584E9A51F3B020E0027228D /* Base */,
			);
			name = Main.storyboard;
			sourceTree = "<group>";
		};
		3584E9A91F3B020E0027228D /* LaunchScreen.storyboard */ = {
			isa = PBXVariantGroup;
			children = (
				3584E9AA1F3B020E0027228D /* Base */,
			);
			name = LaunchScreen.storyboard;
			sourceTree = "<group>";
		};
/* End PBXVariantGroup section */

/* Begin XCBuildConfiguration section */
		3584E9AD1F3B020E0027228D /* Debug */ = {
			isa = XCBuildConfiguration;
			buildSettings = {
				ALWAYS_SEARCH_USER_PATHS = NO;
				CLANG_ANALYZER_NONNULL = YES;
				CLANG_ANALYZER_NUMBER_OBJECT_CONVERSION = YES_AGGRESSIVE;
				CLANG_CXX_LANGUAGE_STANDARD = "gnu++0x";
				CLANG_CXX_LIBRARY = "libc++";
				CLANG_ENABLE_MODULES = YES;
				CLANG_ENABLE_OBJC_ARC = YES;
				CLANG_WARN_BOOL_CONVERSION = YES;
				CLANG_WARN_CONSTANT_CONVERSION = YES;
				CLANG_WARN_DIRECT_OBJC_ISA_USAGE = YES_ERROR;
				CLANG_WARN_DOCUMENTATION_COMMENTS = YES;
				CLANG_WARN_EMPTY_BODY = YES;
				CLANG_WARN_ENUM_CONVERSION = YES;
				CLANG_WARN_INFINITE_RECURSION = YES;
				CLANG_WARN_INT_CONVERSION = YES;
				CLANG_WARN_OBJC_ROOT_CLASS = YES_ERROR;
				CLANG_WARN_SUSPICIOUS_MOVE = YES;
				CLANG_WARN_UNREACHABLE_CODE = YES;
				CLANG_WARN__DUPLICATE_METHOD_MATCH = YES;
				"CODE_SIGN_IDENTITY[sdk=iphoneos*]" = "iPhone Developer";
				COPY_PHASE_STRIP = NO;
				DEBUG_INFORMATION_FORMAT = dwarf;
				ENABLE_STRICT_OBJC_MSGSEND = YES;
				ENABLE_TESTABILITY = YES;
				GCC_C_LANGUAGE_STANDARD = gnu99;
				GCC_DYNAMIC_NO_PIC = NO;
				GCC_NO_COMMON_BLOCKS = YES;
				GCC_OPTIMIZATION_LEVEL = 0;
				GCC_PREPROCESSOR_DEFINITIONS = (
					"DEBUG=1",
					"$(inherited)",
				);
				GCC_WARN_64_TO_32_BIT_CONVERSION = YES;
				GCC_WARN_ABOUT_RETURN_TYPE = YES_ERROR;
				GCC_WARN_UNDECLARED_SELECTOR = YES;
				GCC_WARN_UNINITIALIZED_AUTOS = YES_AGGRESSIVE;
				GCC_WARN_UNUSED_FUNCTION = YES;
				GCC_WARN_UNUSED_VARIABLE = YES;
				IPHONEOS_DEPLOYMENT_TARGET = 10.3;
				MTL_ENABLE_DEBUG_INFO = YES;
				ONLY_ACTIVE_ARCH = YES;
				SDKROOT = iphoneos;
			};
			name = Debug;
		};
		3584E9AE1F3B020E0027228D /* Release */ = {
			isa = XCBuildConfiguration;
			buildSettings = {
				ALWAYS_SEARCH_USER_PATHS = NO;
				CLANG_ANALYZER_NONNULL = YES;
				CLANG_ANALYZER_NUMBER_OBJECT_CONVERSION = YES_AGGRESSIVE;
				CLANG_CXX_LANGUAGE_STANDARD = "gnu++0x";
				CLANG_CXX_LIBRARY = "libc++";
				CLANG_ENABLE_MODULES = YES;
				CLANG_ENABLE_OBJC_ARC = YES;
				CLANG_WARN_BOOL_CONVERSION = YES;
				CLANG_WARN_CONSTANT_CONVERSION = YES;
				CLANG_WARN_DIRECT_OBJC_ISA_USAGE = YES_ERROR;
				CLANG_WARN_DOCUMENTATION_COMMENTS = YES;
				CLANG_WARN_EMPTY_BODY = YES;
				CLANG_WARN_ENUM_CONVERSION = YES;
				CLANG_WARN_INFINITE_RECURSION = YES;
				CLANG_WARN_INT_CONVERSION = YES;
				CLANG_WARN_OBJC_ROOT_CLASS = YES_ERROR;
				CLANG_WARN_SUSPICIOUS_MOVE = YES;
				CLANG_WARN_UNREACHABLE_CODE = YES;
				CLANG_WARN__DUPLICATE_METHOD_MATCH = YES;
				"CODE_SIGN_IDENTITY[sdk=iphoneos*]" = "iPhone Developer";
				COPY_PHASE_STRIP = NO;
				DEBUG_INFORMATION_FORMAT = "dwarf-with-dsym";
				ENABLE_NS_ASSERTIONS = NO;
				ENABLE_STRICT_OBJC_MSGSEND = YES;
				GCC_C_LANGUAGE_STANDARD = gnu99;
				GCC_NO_COMMON_BLOCKS = YES;
				GCC_WARN_64_TO_32_BIT_CONVERSION = YES;
				GCC_WARN_ABOUT_RETURN_TYPE = YES_ERROR;
				GCC_WARN_UNDECLARED_SELECTOR = YES;
				GCC_WARN_UNINITIALIZED_AUTOS = YES_AGGRESSIVE;
				GCC_WARN_UNUSED_FUNCTION = YES;
				GCC_WARN_UNUSED_VARIABLE = YES;
				IPHONEOS_DEPLOYMENT_TARGET = 10.3;
				MTL_ENABLE_DEBUG_INFO = NO;
				SDKROOT = iphoneos;
				VALIDATE_PRODUCT = YES;
			};
			name = Release;
		};
		3584E9B01F3B020E0027228D /* Debug */ = {
			isa = XCBuildConfiguration;
			baseConfigurationReference = 0698B2B40B382AE85EF27E8F /* Pods-PhotoMap(Objective-c).debug.xcconfig */;
			buildSettings = {
				ASSETCATALOG_COMPILER_APPICON_NAME = AppIcon;
				INFOPLIST_FILE = "PhotoMap(Objective-c)/Info.plist";
				IPHONEOS_DEPLOYMENT_TARGET = 8.0;
				LD_RUNPATH_SEARCH_PATHS = "$(inherited) @executable_path/Frameworks";
				PRODUCT_BUNDLE_IDENTIFIER = "NV.PhotoMap-Objective-c-";
				PRODUCT_NAME = "$(TARGET_NAME)";
			};
			name = Debug;
		};
		3584E9B11F3B020E0027228D /* Release */ = {
			isa = XCBuildConfiguration;
			baseConfigurationReference = A653F7C0B801D083475AF20F /* Pods-PhotoMap(Objective-c).release.xcconfig */;
			buildSettings = {
				ASSETCATALOG_COMPILER_APPICON_NAME = AppIcon;
				INFOPLIST_FILE = "PhotoMap(Objective-c)/Info.plist";
				IPHONEOS_DEPLOYMENT_TARGET = 8.0;
				LD_RUNPATH_SEARCH_PATHS = "$(inherited) @executable_path/Frameworks";
				PRODUCT_BUNDLE_IDENTIFIER = "NV.PhotoMap-Objective-c-";
				PRODUCT_NAME = "$(TARGET_NAME)";
			};
			name = Release;
		};
/* End XCBuildConfiguration section */

/* Begin XCConfigurationList section */
		3584E9901F3B020E0027228D /* Build configuration list for PBXProject "PhotoMap(Objective-c)" */ = {
			isa = XCConfigurationList;
			buildConfigurations = (
				3584E9AD1F3B020E0027228D /* Debug */,
				3584E9AE1F3B020E0027228D /* Release */,
			);
			defaultConfigurationIsVisible = 0;
			defaultConfigurationName = Release;
		};
		3584E9AF1F3B020E0027228D /* Build configuration list for PBXNativeTarget "PhotoMap(Objective-c)" */ = {
			isa = XCConfigurationList;
			buildConfigurations = (
				3584E9B01F3B020E0027228D /* Debug */,
				3584E9B11F3B020E0027228D /* Release */,
			);
			defaultConfigurationIsVisible = 0;
			defaultConfigurationName = Release;
		};
/* End XCConfigurationList section */
	};
	rootObject = 3584E98D1F3B020E0027228D /* Project object */;
}
